// !$*UTF8*$!
{
	archiveVersion = 1;
	classes = {
	};
	objectVersion = 46;
	objects = {

/* Begin PBXBuildFile section */
		F130825B1D62C17700163197 /* main.m in Sources */ = {isa = PBXBuildFile; fileRef = F130825A1D62C17700163197 /* main.m */; };
		F130825E1D62C17700163197 /* AppDelegate.m in Sources */ = {isa = PBXBuildFile; fileRef = F130825D1D62C17700163197 /* AppDelegate.m */; };
		F13082691D62C17700163197 /* Assets.xcassets in Resources */ = {isa = PBXBuildFile; fileRef = F13082681D62C17700163197 /* Assets.xcassets */; };
		F130826C1D62C17700163197 /* LaunchScreen.storyboard in Resources */ = {isa = PBXBuildFile; fileRef = F130826A1D62C17700163197 /* LaunchScreen.storyboard */; };
		F13082771D62C17700163197 /* EventResponderTests.m in Sources */ = {isa = PBXBuildFile; fileRef = F13082761D62C17700163197 /* EventResponderTests.m */; };
		F13082821D62C17700163197 /* EventResponderUITests.m in Sources */ = {isa = PBXBuildFile; fileRef = F13082811D62C17700163197 /* EventResponderUITests.m */; };
		F13082941D62C34700163197 /* UIView+Event.m in Sources */ = {isa = PBXBuildFile; fileRef = F13082931D62C34700163197 /* UIView+Event.m */; };
		F13082971D62EC8E00163197 /* ViewController.m in Sources */ = {isa = PBXBuildFile; fileRef = F13082961D62EC8E00163197 /* ViewController.m */; };
		F130829A1D62F04700163197 /* NSObject+Event.m in Sources */ = {isa = PBXBuildFile; fileRef = F13082991D62F04700163197 /* NSObject+Event.m */; };
		F130829D1D62F18200163197 /* UIResponder+Event.m in Sources */ = {isa = PBXBuildFile; fileRef = F130829C1D62F18200163197 /* UIResponder+Event.m */; };
		F13082A31D62F5C900163197 /* BView.m in Sources */ = {isa = PBXBuildFile; fileRef = F13082A21D62F5C900163197 /* BView.m */; };
/* End PBXBuildFile section */

/* Begin PBXContainerItemProxy section */
		F13082731D62C17700163197 /* PBXContainerItemProxy */ = {
			isa = PBXContainerItemProxy;
			containerPortal = F130824E1D62C17700163197 /* Project object */;
			proxyType = 1;
			remoteGlobalIDString = F13082551D62C17700163197;
			remoteInfo = EventResponder;
		};
		F130827E1D62C17700163197 /* PBXContainerItemProxy */ = {
			isa = PBXContainerItemProxy;
			containerPortal = F130824E1D62C17700163197 /* Project object */;
			proxyType = 1;
			remoteGlobalIDString = F13082551D62C17700163197;
			remoteInfo = EventResponder;
		};
/* End PBXContainerItemProxy section */

/* Begin PBXFileReference section */
		F13082561D62C17700163197 /* EventResponder.app */ = {isa = PBXFileReference; explicitFileType = wrapper.application; includeInIndex = 0; path = EventResponder.app; sourceTree = BUILT_PRODUCTS_DIR; };
		F130825A1D62C17700163197 /* main.m */ = {isa = PBXFileReference; lastKnownFileType = sourcecode.c.objc; path = main.m; sourceTree = "<group>"; };
		F130825C1D62C17700163197 /* AppDelegate.h */ = {isa = PBXFileReference; lastKnownFileType = sourcecode.c.h; path = AppDelegate.h; sourceTree = "<group>"; };
		F130825D1D62C17700163197 /* AppDelegate.m */ = {isa = PBXFileReference; lastKnownFileType = sourcecode.c.objc; path = AppDelegate.m; sourceTree = "<group>"; };
		F13082681D62C17700163197 /* Assets.xcassets */ = {isa = PBXFileReference; lastKnownFileType = folder.assetcatalog; path = Assets.xcassets; sourceTree = "<group>"; };
		F130826B1D62C17700163197 /* Base */ = {isa = PBXFileReference; lastKnownFileType = file.storyboard; name = Base; path = Base.lproj/LaunchScreen.storyboard; sourceTree = "<group>"; };
		F130826D1D62C17700163197 /* Info.plist */ = {isa = PBXFileReference; lastKnownFileType = text.plist.xml; path = Info.plist; sourceTree = "<group>"; };
		F13082721D62C17700163197 /* EventResponderTests.xctest */ = {isa = PBXFileReference; explicitFileType = wrapper.cfbundle; includeInIndex = 0; path = EventResponderTests.xctest; sourceTree = BUILT_PRODUCTS_DIR; };
		F13082761D62C17700163197 /* EventResponderTests.m */ = {isa = PBXFileReference; lastKnownFileType = sourcecode.c.objc; path = EventResponderTests.m; sourceTree = "<group>"; };
		F13082781D62C17700163197 /* Info.plist */ = {isa = PBXFileReference; lastKnownFileType = text.plist.xml; path = Info.plist; sourceTree = "<group>"; };
		F130827D1D62C17700163197 /* EventResponderUITests.xctest */ = {isa = PBXFileReference; explicitFileType = wrapper.cfbundle; includeInIndex = 0; path = EventResponderUITests.xctest; sourceTree = BUILT_PRODUCTS_DIR; };
		F13082811D62C17700163197 /* EventResponderUITests.m */ = {isa = PBXFileReference; lastKnownFileType = sourcecode.c.objc; path = EventResponderUITests.m; sourceTree = "<group>"; };
		F13082831D62C17700163197 /* Info.plist */ = {isa = PBXFileReference; lastKnownFileType = text.plist.xml; path = Info.plist; sourceTree = "<group>"; };
		F13082921D62C34700163197 /* UIView+Event.h */ = {isa = PBXFileReference; fileEncoding = 4; lastKnownFileType = sourcecode.c.h; path = "UIView+Event.h"; sourceTree = "<group>"; };
		F13082931D62C34700163197 /* UIView+Event.m */ = {isa = PBXFileReference; fileEncoding = 4; lastKnownFileType = sourcecode.c.objc; path = "UIView+Event.m"; sourceTree = "<group>"; };
		F13082951D62EC8E00163197 /* ViewController.h */ = {isa = PBXFileReference; fileEncoding = 4; lastKnownFileType = sourcecode.c.h; path = ViewController.h; sourceTree = "<group>"; };
		F13082961D62EC8E00163197 /* ViewController.m */ = {isa = PBXFileReference; fileEncoding = 4; lastKnownFileType = sourcecode.c.objc; path = ViewController.m; sourceTree = "<group>"; };
		F13082981D62F04700163197 /* NSObject+Event.h */ = {isa = PBXFileReference; fileEncoding = 4; lastKnownFileType = sourcecode.c.h; path = "NSObject+Event.h"; sourceTree = "<group>"; };
		F13082991D62F04700163197 /* NSObject+Event.m */ = {isa = PBXFileReference; fileEncoding = 4; lastKnownFileType = sourcecode.c.objc; path = "NSObject+Event.m"; sourceTree = "<group>"; };
		F130829B1D62F18200163197 /* UIResponder+Event.h */ = {isa = PBXFileReference; fileEncoding = 4; lastKnownFileType = sourcecode.c.h; path = "UIResponder+Event.h"; sourceTree = "<group>"; };
		F130829C1D62F18200163197 /* UIResponder+Event.m */ = {isa = PBXFileReference; fileEncoding = 4; lastKnownFileType = sourcecode.c.objc; path = "UIResponder+Event.m"; sourceTree = "<group>"; };
		F13082A11D62F5C900163197 /* BView.h */ = {isa = PBXFileReference; fileEncoding = 4; lastKnownFileType = sourcecode.c.h; path = BView.h; sourceTree = "<group>"; };
		F13082A21D62F5C900163197 /* BView.m */ = {isa = PBXFileReference; fileEncoding = 4; lastKnownFileType = sourcecode.c.objc; path = BView.m; sourceTree = "<group>"; };
/* End PBXFileReference section */

/* Begin PBXFrameworksBuildPhase section */
		F13082531D62C17700163197 /* Frameworks */ = {
			isa = PBXFrameworksBuildPhase;
			buildActionMask = 2147483647;
			files = (
			);
			runOnlyForDeploymentPostprocessing = 0;
		};
		F130826F1D62C17700163197 /* Frameworks */ = {
			isa = PBXFrameworksBuildPhase;
			buildActionMask = 2147483647;
			files = (
			);
			runOnlyForDeploymentPostprocessing = 0;
		};
		F130827A1D62C17700163197 /* Frameworks */ = {
			isa = PBXFrameworksBuildPhase;
			buildActionMask = 2147483647;
			files = (
			);
			runOnlyForDeploymentPostprocessing = 0;
		};
/* End PBXFrameworksBuildPhase section */

/* Begin PBXGroup section */
		F130824D1D62C17700163197 = {
			isa = PBXGroup;
			children = (
				F13082581D62C17700163197 /* EventResponder */,
				F13082751D62C17700163197 /* EventResponderTests */,
				F13082801D62C17700163197 /* EventResponderUITests */,
				F13082571D62C17700163197 /* Products */,
			);
			sourceTree = "<group>";
		};
		F13082571D62C17700163197 /* Products */ = {
			isa = PBXGroup;
			children = (
				F13082561D62C17700163197 /* EventResponder.app */,
				F13082721D62C17700163197 /* EventResponderTests.xctest */,
				F130827D1D62C17700163197 /* EventResponderUITests.xctest */,
			);
			name = Products;
			sourceTree = "<group>";
		};
		F13082581D62C17700163197 /* EventResponder */ = {
			isa = PBXGroup;
			children = (
				F130825C1D62C17700163197 /* AppDelegate.h */,
				F130825D1D62C17700163197 /* AppDelegate.m */,
				F13082951D62EC8E00163197 /* ViewController.h */,
				F13082961D62EC8E00163197 /* ViewController.m */,
				F13082921D62C34700163197 /* UIView+Event.h */,
				F13082931D62C34700163197 /* UIView+Event.m */,
				F13082981D62F04700163197 /* NSObject+Event.h */,
				F13082991D62F04700163197 /* NSObject+Event.m */,
				F130829B1D62F18200163197 /* UIResponder+Event.h */,
				F130829C1D62F18200163197 /* UIResponder+Event.m */,
				F13082A11D62F5C900163197 /* BView.h */,
				F13082A21D62F5C900163197 /* BView.m */,
				F13082681D62C17700163197 /* Assets.xcassets */,
				F130826A1D62C17700163197 /* LaunchScreen.storyboard */,
				F130826D1D62C17700163197 /* Info.plist */,
				F13082591D62C17700163197 /* Supporting Files */,
			);
			path = EventResponder;
			sourceTree = "<group>";
		};
		F13082591D62C17700163197 /* Supporting Files */ = {
			isa = PBXGroup;
			children = (
				F130825A1D62C17700163197 /* main.m */,
			);
			name = "Supporting Files";
			sourceTree = "<group>";
		};
		F13082751D62C17700163197 /* EventResponderTests */ = {
			isa = PBXGroup;
			children = (
				F13082761D62C17700163197 /* EventResponderTests.m */,
				F13082781D62C17700163197 /* Info.plist */,
			);
			path = EventResponderTests;
			sourceTree = "<group>";
		};
		F13082801D62C17700163197 /* EventResponderUITests */ = {
			isa = PBXGroup;
			children = (
				F13082811D62C17700163197 /* EventResponderUITests.m */,
				F13082831D62C17700163197 /* Info.plist */,
			);
			path = EventResponderUITests;
			sourceTree = "<group>";
		};
/* End PBXGroup section */

/* Begin PBXNativeTarget section */
		F13082551D62C17700163197 /* EventResponder */ = {
			isa = PBXNativeTarget;
			buildConfigurationList = F13082861D62C17700163197 /* Build configuration list for PBXNativeTarget "EventResponder" */;
			buildPhases = (
				F13082521D62C17700163197 /* Sources */,
				F13082531D62C17700163197 /* Frameworks */,
				F13082541D62C17700163197 /* Resources */,
			);
			buildRules = (
			);
			dependencies = (
			);
			name = EventResponder;
			productName = EventResponder;
			productReference = F13082561D62C17700163197 /* EventResponder.app */;
			productType = "com.apple.product-type.application";
		};
		F13082711D62C17700163197 /* EventResponderTests */ = {
			isa = PBXNativeTarget;
			buildConfigurationList = F13082891D62C17700163197 /* Build configuration list for PBXNativeTarget "EventResponderTests" */;
			buildPhases = (
				F130826E1D62C17700163197 /* Sources */,
				F130826F1D62C17700163197 /* Frameworks */,
				F13082701D62C17700163197 /* Resources */,
			);
			buildRules = (
			);
			dependencies = (
				F13082741D62C17700163197 /* PBXTargetDependency */,
			);
			name = EventResponderTests;
			productName = EventResponderTests;
			productReference = F13082721D62C17700163197 /* EventResponderTests.xctest */;
			productType = "com.apple.product-type.bundle.unit-test";
		};
		F130827C1D62C17700163197 /* EventResponderUITests */ = {
			isa = PBXNativeTarget;
			buildConfigurationList = F130828C1D62C17700163197 /* Build configuration list for PBXNativeTarget "EventResponderUITests" */;
			buildPhases = (
				F13082791D62C17700163197 /* Sources */,
				F130827A1D62C17700163197 /* Frameworks */,
				F130827B1D62C17700163197 /* Resources */,
			);
			buildRules = (
			);
			dependencies = (
				F130827F1D62C17700163197 /* PBXTargetDependency */,
			);
			name = EventResponderUITests;
			productName = EventResponderUITests;
			productReference = F130827D1D62C17700163197 /* EventResponderUITests.xctest */;
			productType = "com.apple.product-type.bundle.ui-testing";
		};
/* End PBXNativeTarget section */

/* Begin PBXProject section */
		F130824E1D62C17700163197 /* Project object */ = {
			isa = PBXProject;
			attributes = {
				LastUpgradeCheck = 0730;
				ORGANIZATIONNAME = Hong;
				TargetAttributes = {
					F13082551D62C17700163197 = {
						CreatedOnToolsVersion = 7.3.1;
					};
					F13082711D62C17700163197 = {
						CreatedOnToolsVersion = 7.3.1;
						TestTargetID = F13082551D62C17700163197;
					};
					F130827C1D62C17700163197 = {
						CreatedOnToolsVersion = 7.3.1;
						TestTargetID = F13082551D62C17700163197;
					};
				};
			};
			buildConfigurationList = F13082511D62C17700163197 /* Build configuration list for PBXProject "EventResponder" */;
			compatibilityVersion = "Xcode 3.2";
			developmentRegion = English;
			hasScannedForEncodings = 0;
			knownRegions = (
				en,
				Base,
			);
			mainGroup = F130824D1D62C17700163197;
			productRefGroup = F13082571D62C17700163197 /* Products */;
			projectDirPath = "";
			projectRoot = "";
			targets = (
				F13082551D62C17700163197 /* EventResponder */,
				F13082711D62C17700163197 /* EventResponderTests */,
				F130827C1D62C17700163197 /* EventResponderUITests */,
			);
		};
/* End PBXProject section */

/* Begin PBXResourcesBuildPhase section */
		F13082541D62C17700163197 /* Resources */ = {
			isa = PBXResourcesBuildPhase;
			buildActionMask = 2147483647;
			files = (
				F130826C1D62C17700163197 /* LaunchScreen.storyboard in Resources */,
				F13082691D62C17700163197 /* Assets.xcassets in Resources */,
			);
			runOnlyForDeploymentPostprocessing = 0;
		};
		F13082701D62C17700163197 /* Resources */ = {
			isa = PBXResourcesBuildPhase;
			buildActionMask = 2147483647;
			files = (
			);
			runOnlyForDeploymentPostprocessing = 0;
		};
		F130827B1D62C17700163197 /* Resources */ = {
			isa = PBXResourcesBuildPhase;
			buildActionMask = 2147483647;
			files = (
			);
			runOnlyForDeploymentPostprocessing = 0;
		};
/* End PBXResourcesBuildPhase section */

/* Begin PBXSourcesBuildPhase section */
		F13082521D62C17700163197 /* Sources */ = {
			isa = PBXSourcesBuildPhase;
			buildActionMask = 2147483647;
			files = (
				F13082971D62EC8E00163197 /* ViewController.m in Sources */,
				F13082941D62C34700163197 /* UIView+Event.m in Sources */,
				F130829A1D62F04700163197 /* NSObject+Event.m in Sources */,
				F130825E1D62C17700163197 /* AppDelegate.m in Sources */,
				F130825B1D62C17700163197 /* main.m in Sources */,
				F130829D1D62F18200163197 /* UIResponder+Event.m in Sources */,
				F13082A31D62F5C900163197 /* BView.m in Sources */,
			);
			runOnlyForDeploymentPostprocessing = 0;
		};
		F130826E1D62C17700163197 /* Sources */ = {
			isa = PBXSourcesBuildPhase;
			buildActionMask = 2147483647;
			files = (
				F13082771D62C17700163197 /* EventResponderTests.m in Sources */,
			);
			runOnlyForDeploymentPostprocessing = 0;
		};
		F13082791D62C17700163197 /* Sources */ = {
			isa = PBXSourcesBuildPhase;
			buildActionMask = 2147483647;
			files = (
				F13082821D62C17700163197 /* EventResponderUITests.m in Sources */,
			);
			runOnlyForDeploymentPostprocessing = 0;
		};
/* End PBXSourcesBuildPhase section */

/* Begin PBXTargetDependency section */
		F13082741D62C17700163197 /* PBXTargetDependency */ = {
			isa = PBXTargetDependency;
			target = F13082551D62C17700163197 /* EventResponder */;
			targetProxy = F13082731D62C17700163197 /* PBXContainerItemProxy */;
		};
		F130827F1D62C17700163197 /* PBXTargetDependency */ = {
			isa = PBXTargetDependency;
			target = F13082551D62C17700163197 /* EventResponder */;
			targetProxy = F130827E1D62C17700163197 /* PBXContainerItemProxy */;
		};
/* End PBXTargetDependency section */

/* Begin PBXVariantGroup section */
		F130826A1D62C17700163197 /* LaunchScreen.storyboard */ = {
			isa = PBXVariantGroup;
			children = (
				F130826B1D62C17700163197 /* Base */,
			);
			name = LaunchScreen.storyboard;
			sourceTree = "<group>";
		};
/* End PBXVariantGroup section */

/* Begin XCBuildConfiguration section */
		F13082841D62C17700163197 /* Debug */ = {
			isa = XCBuildConfiguration;
			buildSettings = {
				ALWAYS_SEARCH_USER_PATHS = NO;
				CLANG_ANALYZER_NONNULL = YES;
				CLANG_CXX_LANGUAGE_STANDARD = "gnu++0x";
				CLANG_CXX_LIBRARY = "libc++";
				CLANG_ENABLE_MODULES = YES;
				CLANG_ENABLE_OBJC_ARC = YES;
				CLANG_WARN_BOOL_CONVERSION = YES;
				CLANG_WARN_CONSTANT_CONVERSION = YES;
				CLANG_WARN_DIRECT_OBJC_ISA_USAGE = YES_ERROR;
				CLANG_WARN_EMPTY_BODY = YES;
				CLANG_WARN_ENUM_CONVERSION = YES;
				CLANG_WARN_INT_CONVERSION = YES;
				CLANG_WARN_OBJC_ROOT_CLASS = YES_ERROR;
				CLANG_WARN_UNREACHABLE_CODE = YES;
				CLANG_WARN__DUPLICATE_METHOD_MATCH = YES;
				"CODE_SIGN_IDENTITY[sdk=iphoneos*]" = "iPhone Developer";
				COPY_PHASE_STRIP = NO;
				DEBUG_INFORMATION_FORMAT = dwarf;
				ENABLE_STRICT_OBJC_MSGSEND = YES;
				ENABLE_TESTABILITY = YES;
				GCC_C_LANGUAGE_STANDARD = gnu99;
				GCC_DYNAMIC_NO_PIC = NO;
				GCC_NO_COMMON_BLOCKS = YES;
				GCC_OPTIMIZATION_LEVEL = 0;
				GCC_PREPROCESSOR_DEFINITIONS = (
					"DEBUG=1",
					"$(inherited)",
				);
				GCC_WARN_64_TO_32_BIT_CONVERSION = YES;
				GCC_WARN_ABOUT_RETURN_TYPE = YES_ERROR;
				GCC_WARN_UNDECLARED_SELECTOR = YES;
				GCC_WARN_UNINITIALIZED_AUTOS = YES_AGGRESSIVE;
				GCC_WARN_UNUSED_FUNCTION = YES;
				GCC_WARN_UNUSED_VARIABLE = YES;
				IPHONEOS_DEPLOYMENT_TARGET = 9.3;
				MTL_ENABLE_DEBUG_INFO = YES;
				ONLY_ACTIVE_ARCH = YES;
				SDKROOT = iphoneos;
				TARGETED_DEVICE_FAMILY = "1,2";
			};
			name = Debug;
		};
		F13082851D62C17700163197 /* Release */ = {
			isa = XCBuildConfiguration;
			buildSettings = {
				ALWAYS_SEARCH_USER_PATHS = NO;
				CLANG_ANALYZER_NONNULL = YES;
				CLANG_CXX_LANGUAGE_STANDARD = "gnu++0x";
				CLANG_CXX_LIBRARY = "libc++";
				CLANG_ENABLE_MODULES = YES;
				CLANG_ENABLE_OBJC_ARC = YES;
				CLANG_WARN_BOOL_CONVERSION = YES;
				CLANG_WARN_CONSTANT_CONVERSION = YES;
				CLANG_WARN_DIRECT_OBJC_ISA_USAGE = YES_ERROR;
				CLANG_WARN_EMPTY_BODY = YES;
				CLANG_WARN_ENUM_CONVERSION = YES;
				CLANG_WARN_INT_CONVERSION = YES;
				CLANG_WARN_OBJC_ROOT_CLASS = YES_ERROR;
				CLANG_WARN_UNREACHABLE_CODE = YES;
				CLANG_WARN__DUPLICATE_METHOD_MATCH = YES;
				"CODE_SIGN_IDENTITY[sdk=iphoneos*]" = "iPhone Developer";
				COPY_PHASE_STRIP = NO;
				DEBUG_INFORMATION_FORMAT = "dwarf-with-dsym";
				ENABLE_NS_ASSERTIONS = NO;
				ENABLE_STRICT_OBJC_MSGSEND = YES;
				GCC_C_LANGUAGE_STANDARD = gnu99;
				GCC_NO_COMMON_BLOCKS = YES;
				GCC_WARN_64_TO_32_BIT_CONVERSION = YES;
				GCC_WARN_ABOUT_RETURN_TYPE = YES_ERROR;
				GCC_WARN_UNDECLARED_SELECTOR = YES;
				GCC_WARN_UNINITIALIZED_AUTOS = YES_AGGRESSIVE;
				GCC_WARN_UNUSED_FUNCTION = YES;
				GCC_WARN_UNUSED_VARIABLE = YES;
				IPHONEOS_DEPLOYMENT_TARGET = 9.3;
				MTL_ENABLE_DEBUG_INFO = NO;
				SDKROOT = iphoneos;
				TARGETED_DEVICE_FAMILY = "1,2";
				VALIDATE_PRODUCT = YES;
			};
			name = Release;
		};
		F13082871D62C17700163197 /* Debug */ = {
			isa = XCBuildConfiguration;
			buildSettings = {
				ASSETCATALOG_COMPILER_APPICON_NAME = AppIcon;
				INFOPLIST_FILE = EventResponder/Info.plist;
				LD_RUNPATH_SEARCH_PATHS = "$(inherited) @executable_path/Frameworks";
				PRODUCT_BUNDLE_IDENTIFIER = com.wlnana17.EventResponder;
				PRODUCT_NAME = "$(TARGET_NAME)";
			};
			name = Debug;
		};
		F13082881D62C17700163197 /* Release */ = {
			isa = XCBuildConfiguration;
			buildSettings = {
				ASSETCATALOG_COMPILER_APPICON_NAME = AppIcon;
				INFOPLIST_FILE = EventResponder/Info.plist;
				LD_RUNPATH_SEARCH_PATHS = "$(inherited) @executable_path/Frameworks";
				PRODUCT_BUNDLE_IDENTIFIER = com.wlnana17.EventResponder;
				PRODUCT_NAME = "$(TARGET_NAME)";
			};
			name = Release;
		};
		F130828A1D62C17700163197 /* Debug */ = {
			isa = XCBuildConfiguration;
			buildSettings = {
				BUNDLE_LOADER = "$(TEST_HOST)";
				INFOPLIST_FILE = EventResponderTests/Info.plist;
				LD_RUNPATH_SEARCH_PATHS = "$(inherited) @executable_path/Frameworks @loader_path/Frameworks";
				PRODUCT_BUNDLE_IDENTIFIER = com.wlnana17.EventResponderTests;
				PRODUCT_NAME = "$(TARGET_NAME)";
				TEST_HOST = "$(BUILT_PRODUCTS_DIR)/EventResponder.app/EventResponder";
			};
			name = Debug;
		};
		F130828B1D62C17700163197 /* Release */ = {
			isa = XCBuildConfiguration;
			buildSettings = {
				BUNDLE_LOADER = "$(TEST_HOST)";
				INFOPLIST_FILE = EventResponderTests/Info.plist;
				LD_RUNPATH_SEARCH_PATHS = "$(inherited) @executable_path/Frameworks @loader_path/Frameworks";
				PRODUCT_BUNDLE_IDENTIFIER = com.wlnana17.EventResponderTests;
				PRODUCT_NAME = "$(TARGET_NAME)";
				TEST_HOST = "$(BUILT_PRODUCTS_DIR)/EventResponder.app/EventResponder";
			};
			name = Release;
		};
		F130828D1D62C17700163197 /* Debug */ = {
			isa = XCBuildConfiguration;
			buildSettings = {
				INFOPLIST_FILE = EventResponderUITests/Info.plist;
				LD_RUNPATH_SEARCH_PATHS = "$(inherited) @executable_path/Frameworks @loader_path/Frameworks";
				PRODUCT_BUNDLE_IDENTIFIER = com.wlnana17.EventResponderUITests;
				PRODUCT_NAME = "$(TARGET_NAME)";
				TEST_TARGET_NAME = EventResponder;
			};
			name = Debug;
		};
		F130828E1D62C17700163197 /* Release */ = {
			isa = XCBuildConfiguration;
			buildSettings = {
				INFOPLIST_FILE = EventResponderUITests/Info.plist;
				LD_RUNPATH_SEARCH_PATHS = "$(inherited) @executable_path/Frameworks @loader_path/Frameworks";
				PRODUCT_BUNDLE_IDENTIFIER = com.wlnana17.EventResponderUITests;
				PRODUCT_NAME = "$(TARGET_NAME)";
				TEST_TARGET_NAME = EventResponder;
			};
			name = Release;
		};
/* End XCBuildConfiguration section */

/* Begin XCConfigurationList section */
		F13082511D62C17700163197 /* Build configuration list for PBXProject "EventResponder" */ = {
			isa = XCConfigurationList;
			buildConfigurations = (
				F13082841D62C17700163197 /* Debug */,
				F13082851D62C17700163197 /* Release */,
			);
			defaultConfigurationIsVisible = 0;
			defaultConfigurationName = Release;
		};
		F13082861D62C17700163197 /* Build configuration list for PBXNativeTarget "EventResponder" */ = {
			isa = XCConfigurationList;
			buildConfigurations = (
				F13082871D62C17700163197 /* Debug */,
				F13082881D62C17700163197 /* Release */,
			);
			defaultConfigurationIsVisible = 0;
		};
		F13082891D62C17700163197 /* Build configuration list for PBXNativeTarget "EventResponderTests" */ = {
			isa = XCConfigurationList;
			buildConfigurations = (
				F130828A1D62C17700163197 /* Debug */,
				F130828B1D62C17700163197 /* Release */,
			);
			defaultConfigurationIsVisible = 0;
		};
		F130828C1D62C17700163197 /* Build configuration list for PBXNativeTarget "EventResponderUITests" */ = {
			isa = XCConfigurationList;
			buildConfigurations = (
				F130828D1D62C17700163197 /* Debug */,
				F130828E1D62C17700163197 /* Release */,
			);
			defaultConfigurationIsVisible = 0;
		};
/* End XCConfigurationList section */
	};
	rootObject = F130824E1D62C17700163197 /* Project object */;
}
